// !$*UTF8*$!
{
	archiveVersion = 1;
	classes = {
	};
	objectVersion = 50;
	objects = {

/* Begin PBXBuildFile section */
		42BD62EE22A21000001F7BBF /* AppDelegate.swift in Sources */ = {isa = PBXBuildFile; fileRef = 42BD62ED22A21000001F7BBF /* AppDelegate.swift */; };
		42BD62F022A21000001F7BBF /* ViewController.swift in Sources */ = {isa = PBXBuildFile; fileRef = 42BD62EF22A21000001F7BBF /* ViewController.swift */; };
		42BD62F322A21000001F7BBF /* Main.storyboard in Resources */ = {isa = PBXBuildFile; fileRef = 42BD62F122A21000001F7BBF /* Main.storyboard */; };
		42BD62F522A21002001F7BBF /* Assets.xcassets in Resources */ = {isa = PBXBuildFile; fileRef = 42BD62F422A21002001F7BBF /* Assets.xcassets */; };
		42BD62F822A21002001F7BBF /* LaunchScreen.storyboard in Resources */ = {isa = PBXBuildFile; fileRef = 42BD62F622A21002001F7BBF /* LaunchScreen.storyboard */; };
		42BD630322A21002001F7BBF /* Lisn2MeTests.swift in Sources */ = {isa = PBXBuildFile; fileRef = 42BD630222A21002001F7BBF /* Lisn2MeTests.swift */; };
		42BD630E22A213A7001F7BBF /* PlayService.swift in Sources */ = {isa = PBXBuildFile; fileRef = 42BD630D22A213A7001F7BBF /* PlayService.swift */; };
/* End PBXBuildFile section */

/* Begin PBXContainerItemProxy section */
		42BD62FF22A21002001F7BBF /* PBXContainerItemProxy */ = {
			isa = PBXContainerItemProxy;
			containerPortal = 42BD62E222A21000001F7BBF /* Project object */;
			proxyType = 1;
			remoteGlobalIDString = 42BD62E922A21000001F7BBF;
			remoteInfo = Lisn2Me;
		};
/* End PBXContainerItemProxy section */

/* Begin PBXFileReference section */
		42BD62EA22A21000001F7BBF /* Lisn2Me.app */ = {isa = PBXFileReference; explicitFileType = wrapper.application; includeInIndex = 0; path = Lisn2Me.app; sourceTree = BUILT_PRODUCTS_DIR; };
		42BD62ED22A21000001F7BBF /* AppDelegate.swift */ = {isa = PBXFileReference; lastKnownFileType = sourcecode.swift; path = AppDelegate.swift; sourceTree = "<group>"; };
		42BD62EF22A21000001F7BBF /* ViewController.swift */ = {isa = PBXFileReference; lastKnownFileType = sourcecode.swift; path = ViewController.swift; sourceTree = "<group>"; };
		42BD62F222A21000001F7BBF /* Base */ = {isa = PBXFileReference; lastKnownFileType = file.storyboard; name = Base; path = Base.lproj/Main.storyboard; sourceTree = "<group>"; };
		42BD62F422A21002001F7BBF /* Assets.xcassets */ = {isa = PBXFileReference; lastKnownFileType = folder.assetcatalog; path = Assets.xcassets; sourceTree = "<group>"; };
		42BD62F722A21002001F7BBF /* Base */ = {isa = PBXFileReference; lastKnownFileType = file.storyboard; name = Base; path = Base.lproj/LaunchScreen.storyboard; sourceTree = "<group>"; };
		42BD62F922A21002001F7BBF /* Info.plist */ = {isa = PBXFileReference; lastKnownFileType = text.plist.xml; path = Info.plist; sourceTree = "<group>"; };
		42BD62FE22A21002001F7BBF /* Lisn2MeTests.xctest */ = {isa = PBXFileReference; explicitFileType = wrapper.cfbundle; includeInIndex = 0; path = Lisn2MeTests.xctest; sourceTree = BUILT_PRODUCTS_DIR; };
		42BD630222A21002001F7BBF /* Lisn2MeTests.swift */ = {isa = PBXFileReference; lastKnownFileType = sourcecode.swift; path = Lisn2MeTests.swift; sourceTree = "<group>"; };
		42BD630422A21002001F7BBF /* Info.plist */ = {isa = PBXFileReference; lastKnownFileType = text.plist.xml; path = Info.plist; sourceTree = "<group>"; };
		42BD630D22A213A7001F7BBF /* PlayService.swift */ = {isa = PBXFileReference; lastKnownFileType = sourcecode.swift; path = PlayService.swift; sourceTree = "<group>"; };
/* End PBXFileReference section */

/* Begin PBXFrameworksBuildPhase section */
		42BD62E722A21000001F7BBF /* Frameworks */ = {
			isa = PBXFrameworksBuildPhase;
			buildActionMask = 2147483647;
			files = (
			);
			runOnlyForDeploymentPostprocessing = 0;
		};
		42BD62FB22A21002001F7BBF /* Frameworks */ = {
			isa = PBXFrameworksBuildPhase;
			buildActionMask = 2147483647;
			files = (
			);
			runOnlyForDeploymentPostprocessing = 0;
		};
/* End PBXFrameworksBuildPhase section */

/* Begin PBXGroup section */
		42BD62E122A21000001F7BBF = {
			isa = PBXGroup;
			children = (
				42BD62EC22A21000001F7BBF /* Lisn2Me */,
				42BD630122A21002001F7BBF /* Lisn2MeTests */,
				42BD62EB22A21000001F7BBF /* Products */,
			);
			sourceTree = "<group>";
		};
		42BD62EB22A21000001F7BBF /* Products */ = {
			isa = PBXGroup;
			children = (
				42BD62EA22A21000001F7BBF /* Lisn2Me.app */,
				42BD62FE22A21002001F7BBF /* Lisn2MeTests.xctest */,
			);
			name = Products;
			sourceTree = "<group>";
		};
		42BD62EC22A21000001F7BBF /* Lisn2Me */ = {
			isa = PBXGroup;
			children = (
				42BD62ED22A21000001F7BBF /* AppDelegate.swift */,
				42BD62EF22A21000001F7BBF /* ViewController.swift */,
				42BD62F122A21000001F7BBF /* Main.storyboard */,
				42BD62F422A21002001F7BBF /* Assets.xcassets */,
				42BD62F622A21002001F7BBF /* LaunchScreen.storyboard */,
				42BD62F922A21002001F7BBF /* Info.plist */,
				42BD630D22A213A7001F7BBF /* PlayService.swift */,
			);
			path = Lisn2Me;
			sourceTree = "<group>";
		};
		42BD630122A21002001F7BBF /* Lisn2MeTests */ = {
			isa = PBXGroup;
			children = (
				42BD630222A21002001F7BBF /* Lisn2MeTests.swift */,
				42BD630422A21002001F7BBF /* Info.plist */,
			);
			path = Lisn2MeTests;
			sourceTree = "<group>";
		};
/* End PBXGroup section */

/* Begin PBXNativeTarget section */
		42BD62E922A21000001F7BBF /* Lisn2Me */ = {
			isa = PBXNativeTarget;
			buildConfigurationList = 42BD630722A21002001F7BBF /* Build configuration list for PBXNativeTarget "Lisn2Me" */;
			buildPhases = (
				42BD62E622A21000001F7BBF /* Sources */,
				42BD62E722A21000001F7BBF /* Frameworks */,
				42BD62E822A21000001F7BBF /* Resources */,
			);
			buildRules = (
			);
			dependencies = (
			);
			name = Lisn2Me;
			productName = Lisn2Me;
			productReference = 42BD62EA22A21000001F7BBF /* Lisn2Me.app */;
			productType = "com.apple.product-type.application";
		};
		42BD62FD22A21002001F7BBF /* Lisn2MeTests */ = {
			isa = PBXNativeTarget;
			buildConfigurationList = 42BD630A22A21002001F7BBF /* Build configuration list for PBXNativeTarget "Lisn2MeTests" */;
			buildPhases = (
				42BD62FA22A21002001F7BBF /* Sources */,
				42BD62FB22A21002001F7BBF /* Frameworks */,
				42BD62FC22A21002001F7BBF /* Resources */,
			);
			buildRules = (
			);
			dependencies = (
				42BD630022A21002001F7BBF /* PBXTargetDependency */,
			);
			name = Lisn2MeTests;
			productName = Lisn2MeTests;
			productReference = 42BD62FE22A21002001F7BBF /* Lisn2MeTests.xctest */;
			productType = "com.apple.product-type.bundle.unit-test";
		};
/* End PBXNativeTarget section */

/* Begin PBXProject section */
		42BD62E222A21000001F7BBF /* Project object */ = {
			isa = PBXProject;
			attributes = {
				LastSwiftUpdateCheck = 1020;
				LastUpgradeCheck = 1020;
				ORGANIZATIONNAME = "Rushil Nagarsheth";
				TargetAttributes = {
					42BD62E922A21000001F7BBF = {
						CreatedOnToolsVersion = 10.2.1;
					};
					42BD62FD22A21002001F7BBF = {
						CreatedOnToolsVersion = 10.2.1;
						TestTargetID = 42BD62E922A21000001F7BBF;
					};
				};
			};
			buildConfigurationList = 42BD62E522A21000001F7BBF /* Build configuration list for PBXProject "Lisn2Me" */;
			compatibilityVersion = "Xcode 9.3";
			developmentRegion = en;
			hasScannedForEncodings = 0;
			knownRegions = (
				en,
				Base,
			);
			mainGroup = 42BD62E122A21000001F7BBF;
			productRefGroup = 42BD62EB22A21000001F7BBF /* Products */;
			projectDirPath = "";
			projectRoot = "";
			targets = (
				42BD62E922A21000001F7BBF /* Lisn2Me */,
				42BD62FD22A21002001F7BBF /* Lisn2MeTests */,
			);
		};
/* End PBXProject section */

/* Begin PBXResourcesBuildPhase section */
		42BD62E822A21000001F7BBF /* Resources */ = {
			isa = PBXResourcesBuildPhase;
			buildActionMask = 2147483647;
			files = (
				42BD62F822A21002001F7BBF /* LaunchScreen.storyboard in Resources */,
				42BD62F522A21002001F7BBF /* Assets.xcassets in Resources */,
				42BD62F322A21000001F7BBF /* Main.storyboard in Resources */,
			);
			runOnlyForDeploymentPostprocessing = 0;
		};
		42BD62FC22A21002001F7BBF /* Resources */ = {
			isa = PBXResourcesBuildPhase;
			buildActionMask = 2147483647;
			files = (
			);
			runOnlyForDeploymentPostprocessing = 0;
		};
/* End PBXResourcesBuildPhase section */

/* Begin PBXSourcesBuildPhase section */
		42BD62E622A21000001F7BBF /* Sources */ = {
			isa = PBXSourcesBuildPhase;
			buildActionMask = 2147483647;
			files = (
				42BD62F022A21000001F7BBF /* ViewController.swift in Sources */,
				42BD62EE22A21000001F7BBF /* AppDelegate.swift in Sources */,
				42BD630E22A213A7001F7BBF /* PlayService.swift in Sources */,
			);
			runOnlyForDeploymentPostprocessing = 0;
		};
		42BD62FA22A21002001F7BBF /* Sources */ = {
			isa = PBXSourcesBuildPhase;
			buildActionMask = 2147483647;
			files = (
				42BD630322A21002001F7BBF /* Lisn2MeTests.swift in Sources */,
			);
			runOnlyForDeploymentPostprocessing = 0;
		};
/* End PBXSourcesBuildPhase section */

/* Begin PBXTargetDependency section */
		42BD630022A21002001F7BBF /* PBXTargetDependency */ = {
			isa = PBXTargetDependency;
			target = 42BD62E922A21000001F7BBF /* Lisn2Me */;
			targetProxy = 42BD62FF22A21002001F7BBF /* PBXContainerItemProxy */;
		};
/* End PBXTargetDependency section */

/* Begin PBXVariantGroup section */
		42BD62F122A21000001F7BBF /* Main.storyboard */ = {
			isa = PBXVariantGroup;
			children = (
				42BD62F222A21000001F7BBF /* Base */,
			);
			name = Main.storyboard;
			sourceTree = "<group>";
		};
		42BD62F622A21002001F7BBF /* LaunchScreen.storyboard */ = {
			isa = PBXVariantGroup;
			children = (
				42BD62F722A21002001F7BBF /* Base */,
			);
			name = LaunchScreen.storyboard;
			sourceTree = "<group>";
		};
/* End PBXVariantGroup section */

/* Begin XCBuildConfiguration section */
		42BD630522A21002001F7BBF /* Debug */ = {
			isa = XCBuildConfiguration;
			buildSettings = {
				ALWAYS_SEARCH_USER_PATHS = NO;
				CLANG_ANALYZER_NONNULL = YES;
				CLANG_ANALYZER_NUMBER_OBJECT_CONVERSION = YES_AGGRESSIVE;
				CLANG_CXX_LANGUAGE_STANDARD = "gnu++14";
				CLANG_CXX_LIBRARY = "libc++";
				CLANG_ENABLE_MODULES = YES;
				CLANG_ENABLE_OBJC_ARC = YES;
				CLANG_ENABLE_OBJC_WEAK = YES;
				CLANG_WARN_BLOCK_CAPTURE_AUTORELEASING = YES;
				CLANG_WARN_BOOL_CONVERSION = YES;
				CLANG_WARN_COMMA = YES;
				CLANG_WARN_CONSTANT_CONVERSION = YES;
				CLANG_WARN_DEPRECATED_OBJC_IMPLEMENTATIONS = YES;
				CLANG_WARN_DIRECT_OBJC_ISA_USAGE = YES_ERROR;
				CLANG_WARN_DOCUMENTATION_COMMENTS = YES;
				CLANG_WARN_EMPTY_BODY = YES;
				CLANG_WARN_ENUM_CONVERSION = YES;
				CLANG_WARN_INFINITE_RECURSION = YES;
				CLANG_WARN_INT_CONVERSION = YES;
				CLANG_WARN_NON_LITERAL_NULL_CONVERSION = YES;
				CLANG_WARN_OBJC_IMPLICIT_RETAIN_SELF = YES;
				CLANG_WARN_OBJC_LITERAL_CONVERSION = YES;
				CLANG_WARN_OBJC_ROOT_CLASS = YES_ERROR;
				CLANG_WARN_RANGE_LOOP_ANALYSIS = YES;
				CLANG_WARN_STRICT_PROTOTYPES = YES;
				CLANG_WARN_SUSPICIOUS_MOVE = YES;
				CLANG_WARN_UNGUARDED_AVAILABILITY = YES_AGGRESSIVE;
				CLANG_WARN_UNREACHABLE_CODE = YES;
				CLANG_WARN__DUPLICATE_METHOD_MATCH = YES;
				CODE_SIGN_IDENTITY = "iPhone Developer";
				COPY_PHASE_STRIP = NO;
				DEBUG_INFORMATION_FORMAT = dwarf;
				ENABLE_STRICT_OBJC_MSGSEND = YES;
				ENABLE_TESTABILITY = YES;
				GCC_C_LANGUAGE_STANDARD = gnu11;
				GCC_DYNAMIC_NO_PIC = NO;
				GCC_NO_COMMON_BLOCKS = YES;
				GCC_OPTIMIZATION_LEVEL = 0;
				GCC_PREPROCESSOR_DEFINITIONS = (
					"DEBUG=1",
					"$(inherited)",
				);
				GCC_WARN_64_TO_32_BIT_CONVERSION = YES;
				GCC_WARN_ABOUT_RETURN_TYPE = YES_ERROR;
				GCC_WARN_UNDECLARED_SELECTOR = YES;
				GCC_WARN_UNINITIALIZED_AUTOS = YES_AGGRESSIVE;
				GCC_WARN_UNUSED_FUNCTION = YES;
				GCC_WARN_UNUSED_VARIABLE = YES;
				IPHONEOS_DEPLOYMENT_TARGET = 12.2;
				MTL_ENABLE_DEBUG_INFO = INCLUDE_SOURCE;
				MTL_FAST_MATH = YES;
				ONLY_ACTIVE_ARCH = YES;
				SDKROOT = iphoneos;
				SWIFT_ACTIVE_COMPILATION_CONDITIONS = DEBUG;
				SWIFT_OPTIMIZATION_LEVEL = "-Onone";
			};
			name = Debug;
		};
		42BD630622A21002001F7BBF /* Release */ = {
			isa = XCBuildConfiguration;
			buildSettings = {
				ALWAYS_SEARCH_USER_PATHS = NO;
				CLANG_ANALYZER_NONNULL = YES;
				CLANG_ANALYZER_NUMBER_OBJECT_CONVERSION = YES_AGGRESSIVE;
				CLANG_CXX_LANGUAGE_STANDARD = "gnu++14";
				CLANG_CXX_LIBRARY = "libc++";
				CLANG_ENABLE_MODULES = YES;
				CLANG_ENABLE_OBJC_ARC = YES;
				CLANG_ENABLE_OBJC_WEAK = YES;
				CLANG_WARN_BLOCK_CAPTURE_AUTORELEASING = YES;
				CLANG_WARN_BOOL_CONVERSION = YES;
				CLANG_WARN_COMMA = YES;
				CLANG_WARN_CONSTANT_CONVERSION = YES;
				CLANG_WARN_DEPRECATED_OBJC_IMPLEMENTATIONS = YES;
				CLANG_WARN_DIRECT_OBJC_ISA_USAGE = YES_ERROR;
				CLANG_WARN_DOCUMENTATION_COMMENTS = YES;
				CLANG_WARN_EMPTY_BODY = YES;
				CLANG_WARN_ENUM_CONVERSION = YES;
				CLANG_WARN_INFINITE_RECURSION = YES;
				CLANG_WARN_INT_CONVERSION = YES;
				CLANG_WARN_NON_LITERAL_NULL_CONVERSION = YES;
				CLANG_WARN_OBJC_IMPLICIT_RETAIN_SELF = YES;
				CLANG_WARN_OBJC_LITERAL_CONVERSION = YES;
				CLANG_WARN_OBJC_ROOT_CLASS = YES_ERROR;
				CLANG_WARN_RANGE_LOOP_ANALYSIS = YES;
				CLANG_WARN_STRICT_PROTOTYPES = YES;
				CLANG_WARN_SUSPICIOUS_MOVE = YES;
				CLANG_WARN_UNGUARDED_AVAILABILITY = YES_AGGRESSIVE;
				CLANG_WARN_UNREACHABLE_CODE = YES;
				CLANG_WARN__DUPLICATE_METHOD_MATCH = YES;
				CODE_SIGN_IDENTITY = "iPhone Developer";
				COPY_PHASE_STRIP = NO;
				DEBUG_INFORMATION_FORMAT = "dwarf-with-dsym";
				ENABLE_NS_ASSERTIONS = NO;
				ENABLE_STRICT_OBJC_MSGSEND = YES;
				GCC_C_LANGUAGE_STANDARD = gnu11;
				GCC_NO_COMMON_BLOCKS = YES;
				GCC_WARN_64_TO_32_BIT_CONVERSION = YES;
				GCC_WARN_ABOUT_RETURN_TYPE = YES_ERROR;
				GCC_WARN_UNDECLARED_SELECTOR = YES;
				GCC_WARN_UNINITIALIZED_AUTOS = YES_AGGRESSIVE;
				GCC_WARN_UNUSED_FUNCTION = YES;
				GCC_WARN_UNUSED_VARIABLE = YES;
				IPHONEOS_DEPLOYMENT_TARGET = 12.2;
				MTL_ENABLE_DEBUG_INFO = NO;
				MTL_FAST_MATH = YES;
				SDKROOT = iphoneos;
				SWIFT_COMPILATION_MODE = wholemodule;
				SWIFT_OPTIMIZATION_LEVEL = "-O";
				VALIDATE_PRODUCT = YES;
			};
			name = Release;
		};
		42BD630822A21002001F7BBF /* Debug */ = {
			isa = XCBuildConfiguration;
			buildSettings = {
				ASSETCATALOG_COMPILER_APPICON_NAME = AppIcon;
				CODE_SIGN_STYLE = Automatic;
				DEVELOPMENT_TEAM = QWHY24TNQT;
				INFOPLIST_FILE = Lisn2Me/Info.plist;
				LD_RUNPATH_SEARCH_PATHS = (
					"$(inherited)",
					"@executable_path/Frameworks",
				);
				PRODUCT_BUNDLE_IDENTIFIER = rushil.Lisn2Me;
				PRODUCT_NAME = "$(TARGET_NAME)";
				SWIFT_VERSION = 5.0;
				TARGETED_DEVICE_FAMILY = "1,2";
			};
			name = Debug;
		};
		42BD630922A21002001F7BBF /* Release */ = {
			isa = XCBuildConfiguration;
			buildSettings = {
				ASSETCATALOG_COMPILER_APPICON_NAME = AppIcon;
				CODE_SIGN_STYLE = Automatic;
				DEVELOPMENT_TEAM = QWHY24TNQT;
				INFOPLIST_FILE = Lisn2Me/Info.plist;
				LD_RUNPATH_SEARCH_PATHS = (
					"$(inherited)",
					"@executable_path/Frameworks",
				);
				PRODUCT_BUNDLE_IDENTIFIER = rushil.Lisn2Me;
				PRODUCT_NAME = "$(TARGET_NAME)";
				SWIFT_VERSION = 5.0;
				TARGETED_DEVICE_FAMILY = "1,2";
			};
			name = Release;
		};
		42BD630B22A21002001F7BBF /* Debug */ = {
			isa = XCBuildConfiguration;
			buildSettings = {
				ALWAYS_EMBED_SWIFT_STANDARD_LIBRARIES = YES;
				BUNDLE_LOADER = "$(TEST_HOST)";
				CODE_SIGN_STYLE = Automatic;
				INFOPLIST_FILE = Lisn2MeTests/Info.plist;
				LD_RUNPATH_SEARCH_PATHS = (
					"$(inherited)",
					"@executable_path/Frameworks",
					"@loader_path/Frameworks",
				);
				PRODUCT_BUNDLE_IDENTIFIER = rushil.Lisn2MeTests;
				PRODUCT_NAME = "$(TARGET_NAME)";
				SWIFT_VERSION = 5.0;
				TARGETED_DEVICE_FAMILY = "1,2";
				TEST_HOST = "$(BUILT_PRODUCTS_DIR)/Lisn2Me.app/Lisn2Me";
			};
			name = Debug;
		};
		42BD630C22A21002001F7BBF /* Release */ = {
			isa = XCBuildConfiguration;
			buildSettings = {
				ALWAYS_EMBED_SWIFT_STANDARD_LIBRARIES = YES;
				BUNDLE_LOADER = "$(TEST_HOST)";
				CODE_SIGN_STYLE = Automatic;
				INFOPLIST_FILE = Lisn2MeTests/Info.plist;
				LD_RUNPATH_SEARCH_PATHS = (
					"$(inherited)",
					"@executable_path/Frameworks",
					"@loader_path/Frameworks",
				);
				PRODUCT_BUNDLE_IDENTIFIER = rushil.Lisn2MeTests;
				PRODUCT_NAME = "$(TARGET_NAME)";
				SWIFT_VERSION = 5.0;
				TARGETED_DEVICE_FAMILY = "1,2";
				TEST_HOST = "$(BUILT_PRODUCTS_DIR)/Lisn2Me.app/Lisn2Me";
			};
			name = Release;
		};
/* End XCBuildConfiguration section */

/* Begin XCConfigurationList section */
		42BD62E522A21000001F7BBF /* Build configuration list for PBXProject "Lisn2Me" */ = {
			isa = XCConfigurationList;
			buildConfigurations = (
				42BD630522A21002001F7BBF /* Debug */,
				42BD630622A21002001F7BBF /* Release */,
			);
			defaultConfigurationIsVisible = 0;
			defaultConfigurationName = Release;
		};
		42BD630722A21002001F7BBF /* Build configuration list for PBXNativeTarget "Lisn2Me" */ = {
			isa = XCConfigurationList;
			buildConfigurations = (
				42BD630822A21002001F7BBF /* Debug */,
				42BD630922A21002001F7BBF /* Release */,
			);
			defaultConfigurationIsVisible = 0;
			defaultConfigurationName = Release;
		};
		42BD630A22A21002001F7BBF /* Build configuration list for PBXNativeTarget "Lisn2MeTests" */ = {
			isa = XCConfigurationList;
			buildConfigurations = (
				42BD630B22A21002001F7BBF /* Debug */,
				42BD630C22A21002001F7BBF /* Release */,
			);
			defaultConfigurationIsVisible = 0;
			defaultConfigurationName = Release;
		};
/* End XCConfigurationList section */
	};
	rootObject = 42BD62E222A21000001F7BBF /* Project object */;
}
